
Microsoft Visual Studio Solution File, Format Version 12.00
# Visual Studio 15
VisualStudioVersion = 15.0.26730.16
MinimumVisualStudioVersion = 10.0.40219.1
Project("{FAE04EC0-301F-11D3-BF4B-00C04F79EFBC}") = "FarmWeb", "FarmWeb\FarmWeb.csproj", "{D50AA1C0-9FE7-4194-B96A-F4D657476EB0}"
EndProject
Global
	GlobalSection(SolutionConfigurationPlatforms) = preSolution
		Debug|Any CPU = Debug|Any CPU
		Release|Any CPU = Release|Any CPU
	EndGlobalSection
	GlobalSection(ProjectConfigurationPlatforms) = postSolution
		{D50AA1C0-9FE7-4194-B96A-F4D657476EB0}.Debug|Any CPU.ActiveCfg = Debug|Any CPU
		{D50AA1C0-9FE7-4194-B96A-F4D657476EB0}.Debug|Any CPU.Build.0 = Debug|Any CPU
		{D50AA1C0-9FE7-4194-B96A-F4D657476EB0}.Release|Any CPU.ActiveCfg = Release|Any CPU
		{D50AA1C0-9FE7-4194-B96A-F4D657476EB0}.Release|Any CPU.Build.0 = Release|Any CPU
	EndGlobalSection
	GlobalSection(SolutionProperties) = preSolution
		HideSolutionNode = FALSE
	EndGlobalSection
	GlobalSection(ExtensibilityGlobals) = postSolution
		SolutionGuid = {83993CB8-0EE1-4E35-8CF9-79F5A8DB9CC1}
	EndGlobalSection
EndGlobal
